
Microsoft Visual Studio Solution File, Format Version 12.00
# Visual Studio Version 17
VisualStudioVersion = 17.6.33712.159
MinimumVisualStudioVersion = 10.0.40219.1
Project("{FAE04EC0-301F-11D3-BF4B-00C04F79EFBC}") = "WebAPI", "WebAPI\WebAPI.csproj", "{51CFDADC-3C4D-416E-A4C0-E650D1E46230}"
EndProject
Global
	GlobalSection(SolutionConfigurationPlatforms) = preSolution
		Debug|Any CPU = Debug|Any CPU
		Release|Any CPU = Release|Any CPU
	EndGlobalSection
	GlobalSection(ProjectConfigurationPlatforms) = postSolution
		{51CFDADC-3C4D-416E-A4C0-E650D1E46230}.Debug|Any CPU.ActiveCfg = Debug|Any CPU
		{51CFDADC-3C4D-416E-A4C0-E650D1E46230}.Debug|Any CPU.Build.0 = Debug|Any CPU
		{51CFDADC-3C4D-416E-A4C0-E650D1E46230}.Release|Any CPU.ActiveCfg = Release|Any CPU
		{51CFDADC-3C4D-416E-A4C0-E650D1E46230}.Release|Any CPU.Build.0 = Release|Any CPU
	EndGlobalSection
	GlobalSection(SolutionProperties) = preSolution
		HideSolutionNode = FALSE
	EndGlobalSection
	GlobalSection(ExtensibilityGlobals) = postSolution
		SolutionGuid = {BD4C3627-5C74-44A8-AB88-6E5B20B435BC}
	EndGlobalSection
EndGlobal
